
Microsoft Visual Studio Solution File, Format Version 12.00
# Visual Studio Version 16
VisualStudioVersion = 16.0.31729.503
MinimumVisualStudioVersion = 10.0.40219.1
Project("{FAE04EC0-301F-11D3-BF4B-00C04F79EFBC}") = "ConsoleApp1", "ConsoleApp1\ConsoleApp1.csproj", "{516A45D0-FAF7-4F57-98F9-B2C2F94AAE3E}"
EndProject
Global
	GlobalSection(SolutionConfigurationPlatforms) = preSolution
		Debug|Any CPU = Debug|Any CPU
		Release|Any CPU = Release|Any CPU
	EndGlobalSection
	GlobalSection(ProjectConfigurationPlatforms) = postSolution
		{516A45D0-FAF7-4F57-98F9-B2C2F94AAE3E}.Debug|Any CPU.ActiveCfg = Debug|Any CPU
		{516A45D0-FAF7-4F57-98F9-B2C2F94AAE3E}.Debug|Any CPU.Build.0 = Debug|Any CPU
		{516A45D0-FAF7-4F57-98F9-B2C2F94AAE3E}.Release|Any CPU.ActiveCfg = Release|Any CPU
		{516A45D0-FAF7-4F57-98F9-B2C2F94AAE3E}.Release|Any CPU.Build.0 = Release|Any CPU
	EndGlobalSection
	GlobalSection(SolutionProperties) = preSolution
		HideSolutionNode = FALSE
	EndGlobalSection
	GlobalSection(ExtensibilityGlobals) = postSolution
		SolutionGuid = {15418E95-9841-4A36-A26E-4899389A722F}
	EndGlobalSection
EndGlobal
